
Microsoft Visual Studio Solution File, Format Version 12.00
# Visual Studio Express 2013 for Windows Desktop
VisualStudioVersion = 12.0.30723.0
MinimumVisualStudioVersion = 10.0.40219.1
Project("{8BC9CEB8-8B4A-11D0-8D11-00A0C91BC942}") = "GAM4003_2DGame", "GAM4003_2DGame\GAM4003_2DGame.vcxproj", "{8E28E0D2-1AAA-4FB8-9D4A-2153AE5D1B75}"
EndProject
Global
	GlobalSection(SolutionConfigurationPlatforms) = preSolution
		Debug|Win32 = Debug|Win32
		Release|Win32 = Release|Win32
		Test|Win32 = Test|Win32
	EndGlobalSection
	GlobalSection(ProjectConfigurationPlatforms) = postSolution
		{8E28E0D2-1AAA-4FB8-9D4A-2153AE5D1B75}.Debug|Win32.ActiveCfg = Debug|Win32
		{8E28E0D2-1AAA-4FB8-9D4A-2153AE5D1B75}.Debug|Win32.Build.0 = Debug|Win32
		{8E28E0D2-1AAA-4FB8-9D4A-2153AE5D1B75}.Release|Win32.ActiveCfg = Release|Win32
		{8E28E0D2-1AAA-4FB8-9D4A-2153AE5D1B75}.Release|Win32.Build.0 = Release|Win32
		{8E28E0D2-1AAA-4FB8-9D4A-2153AE5D1B75}.Test|Win32.ActiveCfg = Test|Win32
		{8E28E0D2-1AAA-4FB8-9D4A-2153AE5D1B75}.Test|Win32.Build.0 = Test|Win32
	EndGlobalSection
	GlobalSection(SolutionProperties) = preSolution
		HideSolutionNode = FALSE
	EndGlobalSection
EndGlobal
























